
Microsoft Visual Studio Solution File, Format Version 12.00
# Visual Studio 15
VisualStudioVersion = 15.0.28307.329
MinimumVisualStudioVersion = 10.0.40219.1
Project("{FAE04EC0-301F-11D3-BF4B-00C04F79EFBC}") = "Premises", "Premises\Premises.csproj", "{90ED9D56-67DD-4D94-98C5-49E05D225D61}"
EndProject
Project("{FAE04EC0-301F-11D3-BF4B-00C04F79EFBC}") = "Domain.Premises", "Domain.Premises\Domain.Premises.csproj", "{EF9C7208-324D-41CE-84A1-B3C1B8BC774B}"
EndProject
Project("{FAE04EC0-301F-11D3-BF4B-00C04F79EFBC}") = "BLL.Premises", "BLL.Premises\BLL.Premises.csproj", "{9CB88163-13CC-4E4F-993E-0DE320966A1D}"
EndProject
Global
	GlobalSection(SolutionConfigurationPlatforms) = preSolution
		Debug|Any CPU = Debug|Any CPU
		Release|Any CPU = Release|Any CPU
	EndGlobalSection
	GlobalSection(ProjectConfigurationPlatforms) = postSolution
		{90ED9D56-67DD-4D94-98C5-49E05D225D61}.Debug|Any CPU.ActiveCfg = Debug|Any CPU
		{90ED9D56-67DD-4D94-98C5-49E05D225D61}.Debug|Any CPU.Build.0 = Debug|Any CPU
		{90ED9D56-67DD-4D94-98C5-49E05D225D61}.Release|Any CPU.ActiveCfg = Release|Any CPU
		{90ED9D56-67DD-4D94-98C5-49E05D225D61}.Release|Any CPU.Build.0 = Release|Any CPU
		{EF9C7208-324D-41CE-84A1-B3C1B8BC774B}.Debug|Any CPU.ActiveCfg = Debug|Any CPU
		{EF9C7208-324D-41CE-84A1-B3C1B8BC774B}.Debug|Any CPU.Build.0 = Debug|Any CPU
		{EF9C7208-324D-41CE-84A1-B3C1B8BC774B}.Release|Any CPU.ActiveCfg = Release|Any CPU
		{EF9C7208-324D-41CE-84A1-B3C1B8BC774B}.Release|Any CPU.Build.0 = Release|Any CPU
		{9CB88163-13CC-4E4F-993E-0DE320966A1D}.Debug|Any CPU.ActiveCfg = Debug|Any CPU
		{9CB88163-13CC-4E4F-993E-0DE320966A1D}.Debug|Any CPU.Build.0 = Debug|Any CPU
		{9CB88163-13CC-4E4F-993E-0DE320966A1D}.Release|Any CPU.ActiveCfg = Release|Any CPU
		{9CB88163-13CC-4E4F-993E-0DE320966A1D}.Release|Any CPU.Build.0 = Release|Any CPU
	EndGlobalSection
	GlobalSection(SolutionProperties) = preSolution
		HideSolutionNode = FALSE
	EndGlobalSection
	GlobalSection(ExtensibilityGlobals) = postSolution
		SolutionGuid = {6371955E-0805-4C67-86B2-A6DE61995568}
	EndGlobalSection
EndGlobal
